
Microsoft Visual Studio Solution File, Format Version 12.00
# Visual Studio Version 17
VisualStudioVersion = 17.1.32421.90
MinimumVisualStudioVersion = 10.0.40219.1
Project("{FAE04EC0-301F-11D3-BF4B-00C04F79EFBC}") = "Udalosti_IT3A", "Udalosti_IT3A\Udalosti_IT3A.csproj", "{454CD37F-C89B-43F3-AE52-CBF5DC235033}"
EndProject
Global
	GlobalSection(SolutionConfigurationPlatforms) = preSolution
		Debug|Any CPU = Debug|Any CPU
		Release|Any CPU = Release|Any CPU
	EndGlobalSection
	GlobalSection(ProjectConfigurationPlatforms) = postSolution
		{454CD37F-C89B-43F3-AE52-CBF5DC235033}.Debug|Any CPU.ActiveCfg = Debug|Any CPU
		{454CD37F-C89B-43F3-AE52-CBF5DC235033}.Debug|Any CPU.Build.0 = Debug|Any CPU
		{454CD37F-C89B-43F3-AE52-CBF5DC235033}.Release|Any CPU.ActiveCfg = Release|Any CPU
		{454CD37F-C89B-43F3-AE52-CBF5DC235033}.Release|Any CPU.Build.0 = Release|Any CPU
	EndGlobalSection
	GlobalSection(SolutionProperties) = preSolution
		HideSolutionNode = FALSE
	EndGlobalSection
	GlobalSection(ExtensibilityGlobals) = postSolution
		SolutionGuid = {E20E3959-A32E-4CD8-A04F-46E9BF94FDD0}
	EndGlobalSection
EndGlobal
